
Microsoft Visual Studio Solution File, Format Version 12.00
# Visual Studio Version 17
VisualStudioVersion = 17.7.34009.444
MinimumVisualStudioVersion = 10.0.40219.1
Project("{FAE04EC0-301F-11D3-BF4B-00C04F79EFBC}") = "MVC_FUT_NFL", "MVC_FUT_NFL.csproj", "{2058A9BE-47AE-4D89-B7EA-7A79650E3CA3}"
EndProject
Project("{FAE04EC0-301F-11D3-BF4B-00C04F79EFBC}") = "SERVICIO_NFL", "..\SERVICIO_NFL\SERVICIO_NFL.csproj", "{4FFBC8C0-9C3C-4459-AE32-0D0F47CB8B23}"
EndProject
Global
	GlobalSection(SolutionConfigurationPlatforms) = preSolution
		Debug|Any CPU = Debug|Any CPU
		Release|Any CPU = Release|Any CPU
	EndGlobalSection
	GlobalSection(ProjectConfigurationPlatforms) = postSolution
		{2058A9BE-47AE-4D89-B7EA-7A79650E3CA3}.Debug|Any CPU.ActiveCfg = Debug|Any CPU
		{2058A9BE-47AE-4D89-B7EA-7A79650E3CA3}.Debug|Any CPU.Build.0 = Debug|Any CPU
		{2058A9BE-47AE-4D89-B7EA-7A79650E3CA3}.Release|Any CPU.ActiveCfg = Release|Any CPU
		{2058A9BE-47AE-4D89-B7EA-7A79650E3CA3}.Release|Any CPU.Build.0 = Release|Any CPU
		{4FFBC8C0-9C3C-4459-AE32-0D0F47CB8B23}.Debug|Any CPU.ActiveCfg = Debug|Any CPU
		{4FFBC8C0-9C3C-4459-AE32-0D0F47CB8B23}.Debug|Any CPU.Build.0 = Debug|Any CPU
		{4FFBC8C0-9C3C-4459-AE32-0D0F47CB8B23}.Release|Any CPU.ActiveCfg = Release|Any CPU
		{4FFBC8C0-9C3C-4459-AE32-0D0F47CB8B23}.Release|Any CPU.Build.0 = Release|Any CPU
	EndGlobalSection
	GlobalSection(SolutionProperties) = preSolution
		HideSolutionNode = FALSE
	EndGlobalSection
	GlobalSection(ExtensibilityGlobals) = postSolution
		SolutionGuid = {B2F86254-8048-4545-AED4-5BCFF014CAF9}
	EndGlobalSection
EndGlobal
